
Microsoft Visual Studio Solution File, Format Version 11.00
# Visual Studio 2010
Project("{8BC9CEB8-8B4A-11D0-8D11-00A0C91BC942}") = "Project_Gravity", "Project_Gravity\Project_Gravity.vcxproj", "{8BB58E07-7B4F-4BF8-A8AA-8DA97BC2672A}"
EndProject
Global
	GlobalSection(SolutionConfigurationPlatforms) = preSolution
		Debug|Win32 = Debug|Win32
		Release|Win32 = Release|Win32
	EndGlobalSection
	GlobalSection(ProjectConfigurationPlatforms) = postSolution
		{8BB58E07-7B4F-4BF8-A8AA-8DA97BC2672A}.Debug|Win32.ActiveCfg = Debug|Win32
		{8BB58E07-7B4F-4BF8-A8AA-8DA97BC2672A}.Debug|Win32.Build.0 = Debug|Win32
		{8BB58E07-7B4F-4BF8-A8AA-8DA97BC2672A}.Release|Win32.ActiveCfg = Release|Win32
		{8BB58E07-7B4F-4BF8-A8AA-8DA97BC2672A}.Release|Win32.Build.0 = Release|Win32
	EndGlobalSection
	GlobalSection(SolutionProperties) = preSolution
		HideSolutionNode = FALSE
	EndGlobalSection
EndGlobal
